<?xml version="1.0" encoding="utf-8"?>
<Project ToolsVersion="4.0" xmlns="http://schemas.microsoft.com/developer/msbuild/2003">
  <ItemGroup>
    <Filter Include="Source Files">
      <UniqueIdentifier>{4FC737F1-C7A5-4376-A066-2A32D752A2FF}</UniqueIdentifier>
      <Extensions>cpp;c;cc;cxx;def;odl;idl;hpj;bat;asm;asmx</Extensions>
    </Filter>
    <Filter Include="Header Files">
      <UniqueIdentifier>{93995380-89BD-4b04-88EB-625FBE52EBFB}</UniqueIdentifier>
      <Extensions>h;hh;hpp;hxx;hm;inl;inc;ipp;xsd</Extensions>
    </Filter>
    <Filter Include="Resource Files">
      <UniqueIdentifier>{67DA6AB6-F800-4c08-8B7A-83BB121AAD01}</UniqueIdentifier>
      <Extensions>rc;ico;cur;bmp;dlg;rc2;rct;bin;rgs;gif;jpg;jpeg;jpe;resx;tiff;tif;png;wav;mfcribbon-ms</Extensions>
    </Filter>
    <Filter Include="Source Files\GameState">
      <UniqueIdentifier>{03b99d6e-92fc-4f2f-8974-279d67d6258b}</UniqueIdentifier>
    </Filter>
    <Filter Include="Header Files\GameState">
      <UniqueIdentifier>{0c60c79e-8ac7-41ad-9e95-1a314f56d260}</UniqueIdentifier>
    </Filter>
    <Filter Include="Source Files\Engine">
      <UniqueIdentifier>{3045972f-e785-4f75-bf03-01cd9b5c2182}</UniqueIdentifier>
    </Filter>
    <Filter Include="Header Files\Engine">
      <UniqueIdentifier>{651aabb5-df48-4710-842c-61153f8689fd}</UniqueIdentifier>
    </Filter>
    <Filter Include="Header Files\Helper">
      <UniqueIdentifier>{5e29d24c-80a8-425f-ae68-1ef4b300bd46}</UniqueIdentifier>
    </Filter>
    <Filter Include="Source Files\Test">
      <UniqueIdentifier>{26a59965-790b-4419-829b-1c40c7fd496c}</UniqueIdentifier>
    </Filter>
    <Filter Include="Header Files\Test">
      <UniqueIdentifier>{7ccf37d4-ce46-495b-9d3f-cb645d007f91}</UniqueIdentifier>
    </Filter>
    <Filter Include="Header Files\GameObject">
      <UniqueIdentifier>{284339f5-aaf9-4ed7-aa5f-fc2d1d3a49af}</UniqueIdentifier>
    </Filter>
    <Filter Include="Source Files\GameObject">
      <UniqueIdentifier>{e16668f0-0b50-47c9-9bec-1c5d91f8b96d}</UniqueIdentifier>
    </Filter>
    <Filter Include="Source Files\Math">
      <UniqueIdentifier>{4863ce87-c483-4bbb-90d7-b21fd045ea4f}</UniqueIdentifier>
    </Filter>
    <Filter Include="Header Files\Math">
      <UniqueIdentifier>{7b58d766-6a54-4a72-9b26-b0f6bcc38ba5}</UniqueIdentifier>
    </Filter>
  </ItemGroup>
  <ItemGroup>
    <ClInclude Include="GameManager.h">
      <Filter>Header Files</Filter>
    </ClInclude>
    <ClInclude Include="GameBase.h">
      <Filter>Header Files</Filter>
    </ClInclude>
    <ClInclude Include="GS_StartUp.h">
      <Filter>Header Files\GameState</Filter>
    </ClInclude>
    <ClInclude Include="GS_MainMenu.h">
      <Filter>Header Files\GameState</Filter>
    </ClInclude>
    <ClInclude Include="GS_GamePlay.h">
      <Filter>Header Files\GameState</Filter>
    </ClInclude>
    <ClInclude Include="Input.h">
      <Filter>Header Files\Engine</Filter>
    </ClInclude>
    <ClInclude Include="Map.h">
      <Filter>Header Files\Engine</Filter>
    </ClInclude>
    <ClInclude Include="Graphic.h">
      <Filter>Header Files\Engine</Filter>
    </ClInclude>
    <ClInclude Include="GameObject.h">
      <Filter>Header Files\GameObject</Filter>
    </ClInclude>
    <ClInclude Include="PlayerManager.h">
      <Filter>Header Files\GameObject</Filter>
    </ClInclude>
    <ClInclude Include="GameObjectManager.h">
      <Filter>Header Files\GameObject</Filter>
    </ClInclude>
    <ClInclude Include="Math.h">
      <Filter>Header Files\Math</Filter>
    </ClInclude>
    <ClInclude Include="BulletManager.h">
      <Filter>Header Files\GameObject</Filter>
    </ClInclude>
    <ClInclude Include="WindowsHelper.h">
      <Filter>Header Files\Helper</Filter>
    </ClInclude>
    <ClInclude Include="EnemyManager.h">
      <Filter>Header Files\GameObject</Filter>
    </ClInclude>
    <ClInclude Include="RandNumManager.h">
      <Filter>Header Files\GameObject</Filter>
    </ClInclude>
    <ClInclude Include="Menu.h">
      <Filter>Header Files\GameObject</Filter>
    </ClInclude>
    <ClInclude Include="Header.h">
      <Filter>Header Files</Filter>
    </ClInclude>
    <ClInclude Include="LevelManager.h">
      <Filter>Header Files</Filter>
    </ClInclude>
    <ClInclude Include="UiHandler.h">
      <Filter>Header Files\GameObject</Filter>
    </ClInclude>
  </ItemGroup>
  <ItemGroup>
    <ClCompile Include="GameManager.c">
      <Filter>Source Files</Filter>
    </ClCompile>
    <ClCompile Include="Main.c">
      <Filter>Source Files</Filter>
    </ClCompile>
    <ClCompile Include="GameBase.c">
      <Filter>Source Files</Filter>
    </ClCompile>
    <ClCompile Include="GS_StartUp.c">
      <Filter>Source Files\GameState</Filter>
    </ClCompile>
    <ClCompile Include="GS_MainMenu.c">
      <Filter>Source Files\GameState</Filter>
    </ClCompile>
    <ClCompile Include="GS_GamePlay.c">
      <Filter>Source Files\GameState</Filter>
    </ClCompile>
    <ClCompile Include="Graphic.c">
      <Filter>Source Files\Engine</Filter>
    </ClCompile>
    <ClCompile Include="Input.c">
      <Filter>Source Files\Engine</Filter>
    </ClCompile>
    <ClCompile Include="Map.c">
      <Filter>Source Files\Engine</Filter>
    </ClCompile>
    <ClCompile Include="PlayerManager.c">
      <Filter>Source Files\GameObject</Filter>
    </ClCompile>
    <ClCompile Include="GameObjectManager.c">
      <Filter>Source Files\GameObject</Filter>
    </ClCompile>
    <ClCompile Include="WindowsHelper.c">
      <Filter>Header Files\Helper</Filter>
    </ClCompile>
    <ClCompile Include="BulletManager.c">
      <Filter>Source Files\GameObject</Filter>
    </ClCompile>
    <ClCompile Include="EnemyManager.c">
      <Filter>Source Files\GameObject</Filter>
    </ClCompile>
    <ClCompile Include="RandNumManager.c">
      <Filter>Source Files\GameObject</Filter>
    </ClCompile>
    <ClCompile Include="Menu.c">
      <Filter>Source Files\GameObject</Filter>
    </ClCompile>
    <ClCompile Include="LevelManager.c">
      <Filter>Source Files</Filter>
    </ClCompile>
    <ClCompile Include="UiHandler.c">
      <Filter>Source Files\GameObject</Filter>
    </ClCompile>
  </ItemGroup>
</Project>