
Microsoft Visual Studio Solution File, Format Version 12.00
# Visual Studio 15
VisualStudioVersion = 15.0.28010.2026
MinimumVisualStudioVersion = 10.0.40219.1
Project("{8BC9CEB8-8B4A-11D0-8D11-00A0C91BC942}") = "C_Game_Project", "C_Game_Project\C_Game_Project.vcxproj", "{045FACC3-A2C7-4484-A3C2-3F63802BC667}"
EndProject
Global
	GlobalSection(SolutionConfigurationPlatforms) = preSolution
		Debug|x64 = Debug|x64
		Debug|x86 = Debug|x86
		Release|x64 = Release|x64
		Release|x86 = Release|x86
	EndGlobalSection
	GlobalSection(ProjectConfigurationPlatforms) = postSolution
		{045FACC3-A2C7-4484-A3C2-3F63802BC667}.Debug|x64.ActiveCfg = Debug|x64
		{045FACC3-A2C7-4484-A3C2-3F63802BC667}.Debug|x64.Build.0 = Debug|x64
		{045FACC3-A2C7-4484-A3C2-3F63802BC667}.Debug|x86.ActiveCfg = Debug|Win32
		{045FACC3-A2C7-4484-A3C2-3F63802BC667}.Debug|x86.Build.0 = Debug|Win32
		{045FACC3-A2C7-4484-A3C2-3F63802BC667}.Release|x64.ActiveCfg = Release|x64
		{045FACC3-A2C7-4484-A3C2-3F63802BC667}.Release|x64.Build.0 = Release|x64
		{045FACC3-A2C7-4484-A3C2-3F63802BC667}.Release|x86.ActiveCfg = Release|Win32
		{045FACC3-A2C7-4484-A3C2-3F63802BC667}.Release|x86.Build.0 = Release|Win32
	EndGlobalSection
	GlobalSection(SolutionProperties) = preSolution
		HideSolutionNode = FALSE
	EndGlobalSection
	GlobalSection(ExtensibilityGlobals) = postSolution
		SolutionGuid = {50611581-DEE3-4EFD-BAF1-42B10FD4E733}
	EndGlobalSection
EndGlobal
